
Microsoft Visual Studio Solution File, Format Version 12.00
# Visual Studio Version 17
VisualStudioVersion = 17.8.34525.116
MinimumVisualStudioVersion = 10.0.40219.1
Project("{FAE04EC0-301F-11D3-BF4B-00C04F79EFBC}") = "eUseControl.Web", "eUseControl.Web\eUseControl.Web.csproj", "{D46EBEB2-C893-4A36-934B-1765AC3AAD0D}"
EndProject
Global
	GlobalSection(SolutionConfigurationPlatforms) = preSolution
		Debug|Any CPU = Debug|Any CPU
		Release|Any CPU = Release|Any CPU
	EndGlobalSection
	GlobalSection(ProjectConfigurationPlatforms) = postSolution
		{D46EBEB2-C893-4A36-934B-1765AC3AAD0D}.Debug|Any CPU.ActiveCfg = Debug|Any CPU
		{D46EBEB2-C893-4A36-934B-1765AC3AAD0D}.Debug|Any CPU.Build.0 = Debug|Any CPU
		{D46EBEB2-C893-4A36-934B-1765AC3AAD0D}.Release|Any CPU.ActiveCfg = Release|Any CPU
		{D46EBEB2-C893-4A36-934B-1765AC3AAD0D}.Release|Any CPU.Build.0 = Release|Any CPU
	EndGlobalSection
	GlobalSection(SolutionProperties) = preSolution
		HideSolutionNode = FALSE
	EndGlobalSection
	GlobalSection(ExtensibilityGlobals) = postSolution
		SolutionGuid = {321D895C-7116-4E1B-9A9E-5E65B6153A5C}
	EndGlobalSection
EndGlobal
